
Microsoft Visual Studio Solution File, Format Version 12.00
# Visual Studio Version 17
VisualStudioVersion = 17.11.35222.181
MinimumVisualStudioVersion = 10.0.40219.1
Project("{FAE04EC0-301F-11D3-BF4B-00C04F79EFBC}") = "JSopX.MauiHybridNetCore", "JSopX.MauiHybridNetCore\JSopX.MauiHybridNetCore.csproj", "{BB6BB967-A2CF-41BD-88E5-026B2915D63E}"
EndProject
Global
	GlobalSection(SolutionConfigurationPlatforms) = preSolution
		Debug|Any CPU = Debug|Any CPU
		Release|Any CPU = Release|Any CPU
	EndGlobalSection
	GlobalSection(ProjectConfigurationPlatforms) = postSolution
		{BB6BB967-A2CF-41BD-88E5-026B2915D63E}.Debug|Any CPU.ActiveCfg = Debug|Any CPU
		{BB6BB967-A2CF-41BD-88E5-026B2915D63E}.Debug|Any CPU.Build.0 = Debug|Any CPU
		{BB6BB967-A2CF-41BD-88E5-026B2915D63E}.Debug|Any CPU.Deploy.0 = Debug|Any CPU
		{BB6BB967-A2CF-41BD-88E5-026B2915D63E}.Release|Any CPU.ActiveCfg = Release|Any CPU
		{BB6BB967-A2CF-41BD-88E5-026B2915D63E}.Release|Any CPU.Build.0 = Release|Any CPU
		{BB6BB967-A2CF-41BD-88E5-026B2915D63E}.Release|Any CPU.Deploy.0 = Release|Any CPU
	EndGlobalSection
	GlobalSection(SolutionProperties) = preSolution
		HideSolutionNode = FALSE
	EndGlobalSection
	GlobalSection(ExtensibilityGlobals) = postSolution
		SolutionGuid = {22DF6AEF-5B30-43A8-8EE3-33C32B6CCB52}
	EndGlobalSection
EndGlobal
